
Microsoft Visual Studio Solution File, Format Version 12.00
# Visual Studio Version 17
VisualStudioVersion = 17.4.33403.182
MinimumVisualStudioVersion = 10.0.40219.1
Project("{FAE04EC0-301F-11D3-BF4B-00C04F79EFBC}") = "numbers_in_files", "numbers_in_files\numbers_in_files.csproj", "{4265D696-D19A-4133-B6DA-BCB882396EF5}"
EndProject
Global
	GlobalSection(SolutionConfigurationPlatforms) = preSolution
		Debug|Any CPU = Debug|Any CPU
		Release|Any CPU = Release|Any CPU
	EndGlobalSection
	GlobalSection(ProjectConfigurationPlatforms) = postSolution
		{4265D696-D19A-4133-B6DA-BCB882396EF5}.Debug|Any CPU.ActiveCfg = Debug|Any CPU
		{4265D696-D19A-4133-B6DA-BCB882396EF5}.Debug|Any CPU.Build.0 = Debug|Any CPU
		{4265D696-D19A-4133-B6DA-BCB882396EF5}.Release|Any CPU.ActiveCfg = Release|Any CPU
		{4265D696-D19A-4133-B6DA-BCB882396EF5}.Release|Any CPU.Build.0 = Release|Any CPU
	EndGlobalSection
	GlobalSection(SolutionProperties) = preSolution
		HideSolutionNode = FALSE
	EndGlobalSection
	GlobalSection(ExtensibilityGlobals) = postSolution
		SolutionGuid = {4FBD4BE6-967E-4D83-9317-9FFFB6C54A97}
	EndGlobalSection
EndGlobal
